// !$*UTF8*$!
{
	archiveVersion = 1;
	classes = {
	};
	objectVersion = 46;
	objects = {

/* Begin PBXBuildFile section */
		870B02EE1EFD443300D6867C /* AppDelegate.swift in Sources */ = {isa = PBXBuildFile; fileRef = 870B02ED1EFD443300D6867C /* AppDelegate.swift */; };
		870B02F31EFD443300D6867C /* Main.storyboard in Resources */ = {isa = PBXBuildFile; fileRef = 870B02F11EFD443300D6867C /* Main.storyboard */; };
		870B02FB1EFD443300D6867C /* LaunchScreen.storyboard in Resources */ = {isa = PBXBuildFile; fileRef = 870B02F91EFD443300D6867C /* LaunchScreen.storyboard */; };
		870B03061EFD443300D6867C /* AppATests.swift in Sources */ = {isa = PBXBuildFile; fileRef = 870B03051EFD443300D6867C /* AppATests.swift */; };
		870B03111EFD443300D6867C /* AppAUITests.swift in Sources */ = {isa = PBXBuildFile; fileRef = 870B03101EFD443300D6867C /* AppAUITests.swift */; };
		870B03231EFD45BC00D6867C /* AppA.xcdatamodeld in Sources */ = {isa = PBXBuildFile; fileRef = 870B03211EFD45BC00D6867C /* AppA.xcdatamodeld */; };
		870B03261EFD495C00D6867C /* Assets.xcassets in Resources */ = {isa = PBXBuildFile; fileRef = 870B03251EFD495C00D6867C /* Assets.xcassets */; };
		8720BC221F00F95100CDED2F /* OBHomeViewController.swift in Sources */ = {isa = PBXBuildFile; fileRef = 8720BC211F00F95100CDED2F /* OBHomeViewController.swift */; };
		8720BC241F00FA8100CDED2F /* OBSynonymViewController.swift in Sources */ = {isa = PBXBuildFile; fileRef = 8720BC231F00FA8100CDED2F /* OBSynonymViewController.swift */; };
		8720BC261F00FAA300CDED2F /* OBAntonymViewController.swift in Sources */ = {isa = PBXBuildFile; fileRef = 8720BC251F00FAA300CDED2F /* OBAntonymViewController.swift */; };
		8720BC281F00FAD300CDED2F /* OBPageViewController.swift in Sources */ = {isa = PBXBuildFile; fileRef = 8720BC271F00FAD300CDED2F /* OBPageViewController.swift */; };
		97B061C25FEF13EE4B3B114C /* Pods_AppAUITests.framework in Frameworks */ = {isa = PBXBuildFile; fileRef = FBBF69FBD9BAC3FE4E0476EE /* Pods_AppAUITests.framework */; };
		AFC4FD8531AB541635968E0E /* Pods_AppATests.framework in Frameworks */ = {isa = PBXBuildFile; fileRef = 206A521A4A8B82074DA477BF /* Pods_AppATests.framework */; };
		E4BF38116983BF11EB582137 /* Pods_AppA.framework in Frameworks */ = {isa = PBXBuildFile; fileRef = A6E400E632E0AC9C9EB911DC /* Pods_AppA.framework */; };
/* End PBXBuildFile section */

/* Begin PBXContainerItemProxy section */
		870B03021EFD443300D6867C /* PBXContainerItemProxy */ = {
			isa = PBXContainerItemProxy;
			containerPortal = 870B02E21EFD443300D6867C /* Project object */;
			proxyType = 1;
			remoteGlobalIDString = 870B02E91EFD443300D6867C;
			remoteInfo = AppA;
		};
		870B030D1EFD443300D6867C /* PBXContainerItemProxy */ = {
			isa = PBXContainerItemProxy;
			containerPortal = 870B02E21EFD443300D6867C /* Project object */;
			proxyType = 1;
			remoteGlobalIDString = 870B02E91EFD443300D6867C;
			remoteInfo = AppA;
		};
/* End PBXContainerItemProxy section */

/* Begin PBXFileReference section */
		206A521A4A8B82074DA477BF /* Pods_AppATests.framework */ = {isa = PBXFileReference; explicitFileType = wrapper.framework; includeInIndex = 0; path = Pods_AppATests.framework; sourceTree = BUILT_PRODUCTS_DIR; };
		367BC0AE766A9B24528F11C2 /* Pods-AppATests.release.xcconfig */ = {isa = PBXFileReference; includeInIndex = 1; lastKnownFileType = text.xcconfig; name = "Pods-AppATests.release.xcconfig"; path = "Pods/Target Support Files/Pods-AppATests/Pods-AppATests.release.xcconfig"; sourceTree = "<group>"; };
		37C7EF6CA539E91E52D6DD9D /* Pods-AppAUITests.release.xcconfig */ = {isa = PBXFileReference; includeInIndex = 1; lastKnownFileType = text.xcconfig; name = "Pods-AppAUITests.release.xcconfig"; path = "Pods/Target Support Files/Pods-AppAUITests/Pods-AppAUITests.release.xcconfig"; sourceTree = "<group>"; };
		48AAE580C35EE2172BF77988 /* Pods-AppATests.debug.xcconfig */ = {isa = PBXFileReference; includeInIndex = 1; lastKnownFileType = text.xcconfig; name = "Pods-AppATests.debug.xcconfig"; path = "Pods/Target Support Files/Pods-AppATests/Pods-AppATests.debug.xcconfig"; sourceTree = "<group>"; };
		870B02EA1EFD443300D6867C /* AppA.app */ = {isa = PBXFileReference; explicitFileType = wrapper.application; includeInIndex = 0; path = AppA.app; sourceTree = BUILT_PRODUCTS_DIR; };
		870B02ED1EFD443300D6867C /* AppDelegate.swift */ = {isa = PBXFileReference; lastKnownFileType = sourcecode.swift; path = AppDelegate.swift; sourceTree = "<group>"; };
		870B02F21EFD443300D6867C /* Base */ = {isa = PBXFileReference; lastKnownFileType = file.storyboard; name = Base; path = Base.lproj/Main.storyboard; sourceTree = "<group>"; };
		870B02FA1EFD443300D6867C /* Base */ = {isa = PBXFileReference; lastKnownFileType = file.storyboard; name = Base; path = Base.lproj/LaunchScreen.storyboard; sourceTree = "<group>"; };
		870B02FC1EFD443300D6867C /* Info.plist */ = {isa = PBXFileReference; lastKnownFileType = text.plist.xml; path = Info.plist; sourceTree = "<group>"; };
		870B03011EFD443300D6867C /* AppATests.xctest */ = {isa = PBXFileReference; explicitFileType = wrapper.cfbundle; includeInIndex = 0; path = AppATests.xctest; sourceTree = BUILT_PRODUCTS_DIR; };
		870B03051EFD443300D6867C /* AppATests.swift */ = {isa = PBXFileReference; lastKnownFileType = sourcecode.swift; path = AppATests.swift; sourceTree = "<group>"; };
		870B03071EFD443300D6867C /* Info.plist */ = {isa = PBXFileReference; lastKnownFileType = text.plist.xml; path = Info.plist; sourceTree = "<group>"; };
		870B030C1EFD443300D6867C /* AppAUITests.xctest */ = {isa = PBXFileReference; explicitFileType = wrapper.cfbundle; includeInIndex = 0; path = AppAUITests.xctest; sourceTree = BUILT_PRODUCTS_DIR; };
		870B03101EFD443300D6867C /* AppAUITests.swift */ = {isa = PBXFileReference; lastKnownFileType = sourcecode.swift; path = AppAUITests.swift; sourceTree = "<group>"; };
		870B03121EFD443300D6867C /* Info.plist */ = {isa = PBXFileReference; lastKnownFileType = text.plist.xml; path = Info.plist; sourceTree = "<group>"; };
		870B03221EFD45BC00D6867C /* AppA.xcdatamodel */ = {isa = PBXFileReference; lastKnownFileType = wrapper.xcdatamodel; path = AppA.xcdatamodel; sourceTree = "<group>"; };
		870B03251EFD495C00D6867C /* Assets.xcassets */ = {isa = PBXFileReference; lastKnownFileType = folder.assetcatalog; path = Assets.xcassets; sourceTree = "<group>"; };
		8720BC211F00F95100CDED2F /* OBHomeViewController.swift */ = {isa = PBXFileReference; fileEncoding = 4; lastKnownFileType = sourcecode.swift; path = OBHomeViewController.swift; sourceTree = "<group>"; };
		8720BC231F00FA8100CDED2F /* OBSynonymViewController.swift */ = {isa = PBXFileReference; fileEncoding = 4; lastKnownFileType = sourcecode.swift; path = OBSynonymViewController.swift; sourceTree = "<group>"; };
		8720BC251F00FAA300CDED2F /* OBAntonymViewController.swift */ = {isa = PBXFileReference; fileEncoding = 4; lastKnownFileType = sourcecode.swift; path = OBAntonymViewController.swift; sourceTree = "<group>"; };
		8720BC271F00FAD300CDED2F /* OBPageViewController.swift */ = {isa = PBXFileReference; fileEncoding = 4; lastKnownFileType = sourcecode.swift; path = OBPageViewController.swift; sourceTree = "<group>"; };
		A6E400E632E0AC9C9EB911DC /* Pods_AppA.framework */ = {isa = PBXFileReference; explicitFileType = wrapper.framework; includeInIndex = 0; path = Pods_AppA.framework; sourceTree = BUILT_PRODUCTS_DIR; };
		C9C4A2B203FB3598993C57AC /* Pods-AppA.debug.xcconfig */ = {isa = PBXFileReference; includeInIndex = 1; lastKnownFileType = text.xcconfig; name = "Pods-AppA.debug.xcconfig"; path = "Pods/Target Support Files/Pods-AppA/Pods-AppA.debug.xcconfig"; sourceTree = "<group>"; };
		D4D9F7D983876934BCCA9029 /* Pods-AppA.release.xcconfig */ = {isa = PBXFileReference; includeInIndex = 1; lastKnownFileType = text.xcconfig; name = "Pods-AppA.release.xcconfig"; path = "Pods/Target Support Files/Pods-AppA/Pods-AppA.release.xcconfig"; sourceTree = "<group>"; };
		E76AD53BF9579E8325EDF387 /* Pods-AppAUITests.debug.xcconfig */ = {isa = PBXFileReference; includeInIndex = 1; lastKnownFileType = text.xcconfig; name = "Pods-AppAUITests.debug.xcconfig"; path = "Pods/Target Support Files/Pods-AppAUITests/Pods-AppAUITests.debug.xcconfig"; sourceTree = "<group>"; };
		FBBF69FBD9BAC3FE4E0476EE /* Pods_AppAUITests.framework */ = {isa = PBXFileReference; explicitFileType = wrapper.framework; includeInIndex = 0; path = Pods_AppAUITests.framework; sourceTree = BUILT_PRODUCTS_DIR; };
/* End PBXFileReference section */

/* Begin PBXFrameworksBuildPhase section */
		870B02E71EFD443300D6867C /* Frameworks */ = {
			isa = PBXFrameworksBuildPhase;
			buildActionMask = 2147483647;
			files = (
				E4BF38116983BF11EB582137 /* Pods_AppA.framework in Frameworks */,
			);
			runOnlyForDeploymentPostprocessing = 0;
		};
		870B02FE1EFD443300D6867C /* Frameworks */ = {
			isa = PBXFrameworksBuildPhase;
			buildActionMask = 2147483647;
			files = (
				AFC4FD8531AB541635968E0E /* Pods_AppATests.framework in Frameworks */,
			);
			runOnlyForDeploymentPostprocessing = 0;
		};
		870B03091EFD443300D6867C /* Frameworks */ = {
			isa = PBXFrameworksBuildPhase;
			buildActionMask = 2147483647;
			files = (
				97B061C25FEF13EE4B3B114C /* Pods_AppAUITests.framework in Frameworks */,
			);
			runOnlyForDeploymentPostprocessing = 0;
		};
/* End PBXFrameworksBuildPhase section */

/* Begin PBXGroup section */
		3D4EF0B6E0F2FE03C9F42187 /* Pods */ = {
			isa = PBXGroup;
			children = (
				C9C4A2B203FB3598993C57AC /* Pods-AppA.debug.xcconfig */,
				D4D9F7D983876934BCCA9029 /* Pods-AppA.release.xcconfig */,
				48AAE580C35EE2172BF77988 /* Pods-AppATests.debug.xcconfig */,
				367BC0AE766A9B24528F11C2 /* Pods-AppATests.release.xcconfig */,
				E76AD53BF9579E8325EDF387 /* Pods-AppAUITests.debug.xcconfig */,
				37C7EF6CA539E91E52D6DD9D /* Pods-AppAUITests.release.xcconfig */,
			);
			name = Pods;
			sourceTree = "<group>";
		};
		870B02E11EFD443300D6867C = {
			isa = PBXGroup;
			children = (
				870B02EC1EFD443300D6867C /* AppA */,
				870B03041EFD443300D6867C /* AppATests */,
				870B030F1EFD443300D6867C /* AppAUITests */,
				870B02EB1EFD443300D6867C /* Products */,
				3D4EF0B6E0F2FE03C9F42187 /* Pods */,
				A66F77477FBEB7E00BE9ADC1 /* Frameworks */,
			);
			sourceTree = "<group>";
		};
		870B02EB1EFD443300D6867C /* Products */ = {
			isa = PBXGroup;
			children = (
				870B02EA1EFD443300D6867C /* AppA.app */,
				870B03011EFD443300D6867C /* AppATests.xctest */,
				870B030C1EFD443300D6867C /* AppAUITests.xctest */,
			);
			name = Products;
			sourceTree = "<group>";
		};
		870B02EC1EFD443300D6867C /* AppA */ = {
			isa = PBXGroup;
			children = (
				870B031F1EFD455300D6867C /* Resources */,
				870B031E1EFD454200D6867C /* Screens */,
				870B02ED1EFD443300D6867C /* AppDelegate.swift */,
				870B02F11EFD443300D6867C /* Main.storyboard */,
				870B02F91EFD443300D6867C /* LaunchScreen.storyboard */,
				870B02FC1EFD443300D6867C /* Info.plist */,
			);
			path = AppA;
			sourceTree = "<group>";
		};
		870B03041EFD443300D6867C /* AppATests */ = {
			isa = PBXGroup;
			children = (
				870B03051EFD443300D6867C /* AppATests.swift */,
				870B03071EFD443300D6867C /* Info.plist */,
			);
			path = AppATests;
			sourceTree = "<group>";
		};
		870B030F1EFD443300D6867C /* AppAUITests */ = {
			isa = PBXGroup;
			children = (
				870B03101EFD443300D6867C /* AppAUITests.swift */,
				870B03121EFD443300D6867C /* Info.plist */,
			);
			path = AppAUITests;
			sourceTree = "<group>";
		};
		870B031E1EFD454200D6867C /* Screens */ = {
			isa = PBXGroup;
			children = (
				8720BC211F00F95100CDED2F /* OBHomeViewController.swift */,
				8720BC231F00FA8100CDED2F /* OBSynonymViewController.swift */,
				8720BC251F00FAA300CDED2F /* OBAntonymViewController.swift */,
				8720BC271F00FAD300CDED2F /* OBPageViewController.swift */,
			);
			path = Screens;
			sourceTree = "<group>";
		};
		870B031F1EFD455300D6867C /* Resources */ = {
			isa = PBXGroup;
			children = (
				870B03241EFD48F300D6867C /* Images */,
				870B03201EFD458C00D6867C /* DataBase */,
			);
			path = Resources;
			sourceTree = "<group>";
		};
		870B03201EFD458C00D6867C /* DataBase */ = {
			isa = PBXGroup;
			children = (
				870B03211EFD45BC00D6867C /* AppA.xcdatamodeld */,
			);
			path = DataBase;
			sourceTree = "<group>";
		};
		870B03241EFD48F300D6867C /* Images */ = {
			isa = PBXGroup;
			children = (
				870B03251EFD495C00D6867C /* Assets.xcassets */,
			);
			path = Images;
			sourceTree = "<group>";
		};
		A66F77477FBEB7E00BE9ADC1 /* Frameworks */ = {
			isa = PBXGroup;
			children = (
				A6E400E632E0AC9C9EB911DC /* Pods_AppA.framework */,
				206A521A4A8B82074DA477BF /* Pods_AppATests.framework */,
				FBBF69FBD9BAC3FE4E0476EE /* Pods_AppAUITests.framework */,
			);
			name = Frameworks;
			sourceTree = "<group>";
		};
/* End PBXGroup section */

/* Begin PBXNativeTarget section */
		870B02E91EFD443300D6867C /* AppA */ = {
			isa = PBXNativeTarget;
			buildConfigurationList = 870B03151EFD443300D6867C /* Build configuration list for PBXNativeTarget "AppA" */;
			buildPhases = (
				3F1295007E888BDBEF5701D2 /* [CP] Check Pods Manifest.lock */,
				870B02E61EFD443300D6867C /* Sources */,
				870B02E71EFD443300D6867C /* Frameworks */,
				870B02E81EFD443300D6867C /* Resources */,
				085739E0AC349F0A2DD88C24 /* [CP] Embed Pods Frameworks */,
				A263EBA18AAD34652E930C9F /* [CP] Copy Pods Resources */,
			);
			buildRules = (
			);
			dependencies = (
			);
			name = AppA;
			productName = AppA;
			productReference = 870B02EA1EFD443300D6867C /* AppA.app */;
			productType = "com.apple.product-type.application";
		};
		870B03001EFD443300D6867C /* AppATests */ = {
			isa = PBXNativeTarget;
			buildConfigurationList = 870B03181EFD443300D6867C /* Build configuration list for PBXNativeTarget "AppATests" */;
			buildPhases = (
				5621CA662C830B3B1DC4FD8A /* [CP] Check Pods Manifest.lock */,
				870B02FD1EFD443300D6867C /* Sources */,
				870B02FE1EFD443300D6867C /* Frameworks */,
				870B02FF1EFD443300D6867C /* Resources */,
				F911445DF842901E143E7AB7 /* [CP] Embed Pods Frameworks */,
				FF38D82C7B1DE03215620367 /* [CP] Copy Pods Resources */,
			);
			buildRules = (
			);
			dependencies = (
				870B03031EFD443300D6867C /* PBXTargetDependency */,
			);
			name = AppATests;
			productName = AppATests;
			productReference = 870B03011EFD443300D6867C /* AppATests.xctest */;
			productType = "com.apple.product-type.bundle.unit-test";
		};
		870B030B1EFD443300D6867C /* AppAUITests */ = {
			isa = PBXNativeTarget;
			buildConfigurationList = 870B031B1EFD443300D6867C /* Build configuration list for PBXNativeTarget "AppAUITests" */;
			buildPhases = (
				EAEEC35621B59E939FC449F7 /* [CP] Check Pods Manifest.lock */,
				870B03081EFD443300D6867C /* Sources */,
				870B03091EFD443300D6867C /* Frameworks */,
				870B030A1EFD443300D6867C /* Resources */,
				18C174854072A5AEEC76DE37 /* [CP] Embed Pods Frameworks */,
				C5FBAE313847F605AC17B4A9 /* [CP] Copy Pods Resources */,
			);
			buildRules = (
			);
			dependencies = (
				870B030E1EFD443300D6867C /* PBXTargetDependency */,
			);
			name = AppAUITests;
			productName = AppAUITests;
			productReference = 870B030C1EFD443300D6867C /* AppAUITests.xctest */;
			productType = "com.apple.product-type.bundle.ui-testing";
		};
/* End PBXNativeTarget section */

/* Begin PBXProject section */
		870B02E21EFD443300D6867C /* Project object */ = {
			isa = PBXProject;
			attributes = {
				CLASSPREFIX = OB;
				LastSwiftUpdateCheck = 0830;
				LastUpgradeCheck = 0830;
				ORGANIZATIONNAME = "Oleksandr Borovok";
				TargetAttributes = {
					870B02E91EFD443300D6867C = {
						CreatedOnToolsVersion = 8.3.2;
						DevelopmentTeam = 9SVEVP349D;
						ProvisioningStyle = Automatic;
					};
					870B03001EFD443300D6867C = {
						CreatedOnToolsVersion = 8.3.2;
						DevelopmentTeam = 6JA6GV2MDS;
						ProvisioningStyle = Automatic;
						TestTargetID = 870B02E91EFD443300D6867C;
					};
					870B030B1EFD443300D6867C = {
						CreatedOnToolsVersion = 8.3.2;
						DevelopmentTeam = 6JA6GV2MDS;
						ProvisioningStyle = Automatic;
						TestTargetID = 870B02E91EFD443300D6867C;
					};
				};
			};
			buildConfigurationList = 870B02E51EFD443300D6867C /* Build configuration list for PBXProject "AppA" */;
			compatibilityVersion = "Xcode 3.2";
			developmentRegion = English;
			hasScannedForEncodings = 0;
			knownRegions = (
				en,
				Base,
			);
			mainGroup = 870B02E11EFD443300D6867C;
			productRefGroup = 870B02EB1EFD443300D6867C /* Products */;
			projectDirPath = "";
			projectRoot = "";
			targets = (
				870B02E91EFD443300D6867C /* AppA */,
				870B03001EFD443300D6867C /* AppATests */,
				870B030B1EFD443300D6867C /* AppAUITests */,
			);
		};
/* End PBXProject section */

/* Begin PBXResourcesBuildPhase section */
		870B02E81EFD443300D6867C /* Resources */ = {
			isa = PBXResourcesBuildPhase;
			buildActionMask = 2147483647;
			files = (
				870B02FB1EFD443300D6867C /* LaunchScreen.storyboard in Resources */,
				870B03261EFD495C00D6867C /* Assets.xcassets in Resources */,
				870B02F31EFD443300D6867C /* Main.storyboard in Resources */,
			);
			runOnlyForDeploymentPostprocessing = 0;
		};
		870B02FF1EFD443300D6867C /* Resources */ = {
			isa = PBXResourcesBuildPhase;
			buildActionMask = 2147483647;
			files = (
			);
			runOnlyForDeploymentPostprocessing = 0;
		};
		870B030A1EFD443300D6867C /* Resources */ = {
			isa = PBXResourcesBuildPhase;
			buildActionMask = 2147483647;
			files = (
			);
			runOnlyForDeploymentPostprocessing = 0;
		};
/* End PBXResourcesBuildPhase section */

/* Begin PBXShellScriptBuildPhase section */
		085739E0AC349F0A2DD88C24 /* [CP] Embed Pods Frameworks */ = {
			isa = PBXShellScriptBuildPhase;
			buildActionMask = 2147483647;
			files = (
			);
			inputPaths = (
			);
			name = "[CP] Embed Pods Frameworks";
			outputPaths = (
			);
			runOnlyForDeploymentPostprocessing = 0;
			shellPath = /bin/sh;
			shellScript = "\"${SRCROOT}/Pods/Target Support Files/Pods-AppA/Pods-AppA-frameworks.sh\"\n";
			showEnvVarsInLog = 0;
		};
		18C174854072A5AEEC76DE37 /* [CP] Embed Pods Frameworks */ = {
			isa = PBXShellScriptBuildPhase;
			buildActionMask = 2147483647;
			files = (
			);
			inputPaths = (
			);
			name = "[CP] Embed Pods Frameworks";
			outputPaths = (
			);
			runOnlyForDeploymentPostprocessing = 0;
			shellPath = /bin/sh;
			shellScript = "\"${SRCROOT}/Pods/Target Support Files/Pods-AppAUITests/Pods-AppAUITests-frameworks.sh\"\n";
			showEnvVarsInLog = 0;
		};
		3F1295007E888BDBEF5701D2 /* [CP] Check Pods Manifest.lock */ = {
			isa = PBXShellScriptBuildPhase;
			buildActionMask = 2147483647;
			files = (
			);
			inputPaths = (
			);
			name = "[CP] Check Pods Manifest.lock";
			outputPaths = (
			);
			runOnlyForDeploymentPostprocessing = 0;
			shellPath = /bin/sh;
			shellScript = "diff \"${PODS_ROOT}/../Podfile.lock\" \"${PODS_ROOT}/Manifest.lock\" > /dev/null\nif [ $? != 0 ] ; then\n    # print error to STDERR\n    echo \"error: The sandbox is not in sync with the Podfile.lock. Run 'pod install' or update your CocoaPods installation.\" >&2\n    exit 1\nfi\n";
			showEnvVarsInLog = 0;
		};
		5621CA662C830B3B1DC4FD8A /* [CP] Check Pods Manifest.lock */ = {
			isa = PBXShellScriptBuildPhase;
			buildActionMask = 2147483647;
			files = (
			);
			inputPaths = (
			);
			name = "[CP] Check Pods Manifest.lock";
			outputPaths = (
			);
			runOnlyForDeploymentPostprocessing = 0;
			shellPath = /bin/sh;
			shellScript = "diff \"${PODS_ROOT}/../Podfile.lock\" \"${PODS_ROOT}/Manifest.lock\" > /dev/null\nif [ $? != 0 ] ; then\n    # print error to STDERR\n    echo \"error: The sandbox is not in sync with the Podfile.lock. Run 'pod install' or update your CocoaPods installation.\" >&2\n    exit 1\nfi\n";
			showEnvVarsInLog = 0;
		};
		A263EBA18AAD34652E930C9F /* [CP] Copy Pods Resources */ = {
			isa = PBXShellScriptBuildPhase;
			buildActionMask = 2147483647;
			files = (
			);
			inputPaths = (
			);
			name = "[CP] Copy Pods Resources";
			outputPaths = (
			);
			runOnlyForDeploymentPostprocessing = 0;
			shellPath = /bin/sh;
			shellScript = "\"${SRCROOT}/Pods/Target Support Files/Pods-AppA/Pods-AppA-resources.sh\"\n";
			showEnvVarsInLog = 0;
		};
		C5FBAE313847F605AC17B4A9 /* [CP] Copy Pods Resources */ = {
			isa = PBXShellScriptBuildPhase;
			buildActionMask = 2147483647;
			files = (
			);
			inputPaths = (
			);
			name = "[CP] Copy Pods Resources";
			outputPaths = (
			);
			runOnlyForDeploymentPostprocessing = 0;
			shellPath = /bin/sh;
			shellScript = "\"${SRCROOT}/Pods/Target Support Files/Pods-AppAUITests/Pods-AppAUITests-resources.sh\"\n";
			showEnvVarsInLog = 0;
		};
		EAEEC35621B59E939FC449F7 /* [CP] Check Pods Manifest.lock */ = {
			isa = PBXShellScriptBuildPhase;
			buildActionMask = 2147483647;
			files = (
			);
			inputPaths = (
			);
			name = "[CP] Check Pods Manifest.lock";
			outputPaths = (
			);
			runOnlyForDeploymentPostprocessing = 0;
			shellPath = /bin/sh;
			shellScript = "diff \"${PODS_ROOT}/../Podfile.lock\" \"${PODS_ROOT}/Manifest.lock\" > /dev/null\nif [ $? != 0 ] ; then\n    # print error to STDERR\n    echo \"error: The sandbox is not in sync with the Podfile.lock. Run 'pod install' or update your CocoaPods installation.\" >&2\n    exit 1\nfi\n";
			showEnvVarsInLog = 0;
		};
		F911445DF842901E143E7AB7 /* [CP] Embed Pods Frameworks */ = {
			isa = PBXShellScriptBuildPhase;
			buildActionMask = 2147483647;
			files = (
			);
			inputPaths = (
			);
			name = "[CP] Embed Pods Frameworks";
			outputPaths = (
			);
			runOnlyForDeploymentPostprocessing = 0;
			shellPath = /bin/sh;
			shellScript = "\"${SRCROOT}/Pods/Target Support Files/Pods-AppATests/Pods-AppATests-frameworks.sh\"\n";
			showEnvVarsInLog = 0;
		};
		FF38D82C7B1DE03215620367 /* [CP] Copy Pods Resources */ = {
			isa = PBXShellScriptBuildPhase;
			buildActionMask = 2147483647;
			files = (
			);
			inputPaths = (
			);
			name = "[CP] Copy Pods Resources";
			outputPaths = (
			);
			runOnlyForDeploymentPostprocessing = 0;
			shellPath = /bin/sh;
			shellScript = "\"${SRCROOT}/Pods/Target Support Files/Pods-AppATests/Pods-AppATests-resources.sh\"\n";
			showEnvVarsInLog = 0;
		};
/* End PBXShellScriptBuildPhase section */

/* Begin PBXSourcesBuildPhase section */
		870B02E61EFD443300D6867C /* Sources */ = {
			isa = PBXSourcesBuildPhase;
			buildActionMask = 2147483647;
			files = (
				870B03231EFD45BC00D6867C /* AppA.xcdatamodeld in Sources */,
				8720BC241F00FA8100CDED2F /* OBSynonymViewController.swift in Sources */,
				8720BC281F00FAD300CDED2F /* OBPageViewController.swift in Sources */,
				870B02EE1EFD443300D6867C /* AppDelegate.swift in Sources */,
				8720BC261F00FAA300CDED2F /* OBAntonymViewController.swift in Sources */,
				8720BC221F00F95100CDED2F /* OBHomeViewController.swift in Sources */,
			);
			runOnlyForDeploymentPostprocessing = 0;
		};
		870B02FD1EFD443300D6867C /* Sources */ = {
			isa = PBXSourcesBuildPhase;
			buildActionMask = 2147483647;
			files = (
				870B03061EFD443300D6867C /* AppATests.swift in Sources */,
			);
			runOnlyForDeploymentPostprocessing = 0;
		};
		870B03081EFD443300D6867C /* Sources */ = {
			isa = PBXSourcesBuildPhase;
			buildActionMask = 2147483647;
			files = (
				870B03111EFD443300D6867C /* AppAUITests.swift in Sources */,
			);
			runOnlyForDeploymentPostprocessing = 0;
		};
/* End PBXSourcesBuildPhase section */

/* Begin PBXTargetDependency section */
		870B03031EFD443300D6867C /* PBXTargetDependency */ = {
			isa = PBXTargetDependency;
			target = 870B02E91EFD443300D6867C /* AppA */;
			targetProxy = 870B03021EFD443300D6867C /* PBXContainerItemProxy */;
		};
		870B030E1EFD443300D6867C /* PBXTargetDependency */ = {
			isa = PBXTargetDependency;
			target = 870B02E91EFD443300D6867C /* AppA */;
			targetProxy = 870B030D1EFD443300D6867C /* PBXContainerItemProxy */;
		};
/* End PBXTargetDependency section */

/* Begin PBXVariantGroup section */
		870B02F11EFD443300D6867C /* Main.storyboard */ = {
			isa = PBXVariantGroup;
			children = (
				870B02F21EFD443300D6867C /* Base */,
			);
			name = Main.storyboard;
			sourceTree = "<group>";
		};
		870B02F91EFD443300D6867C /* LaunchScreen.storyboard */ = {
			isa = PBXVariantGroup;
			children = (
				870B02FA1EFD443300D6867C /* Base */,
			);
			name = LaunchScreen.storyboard;
			sourceTree = "<group>";
		};
/* End PBXVariantGroup section */

/* Begin XCBuildConfiguration section */
		870B03131EFD443300D6867C /* Debug */ = {
			isa = XCBuildConfiguration;
			buildSettings = {
				ALWAYS_SEARCH_USER_PATHS = NO;
				CLANG_ANALYZER_NONNULL = YES;
				CLANG_ANALYZER_NUMBER_OBJECT_CONVERSION = YES_AGGRESSIVE;
				CLANG_CXX_LANGUAGE_STANDARD = "gnu++0x";
				CLANG_CXX_LIBRARY = "libc++";
				CLANG_ENABLE_MODULES = YES;
				CLANG_ENABLE_OBJC_ARC = YES;
				CLANG_WARN_BOOL_CONVERSION = YES;
				CLANG_WARN_CONSTANT_CONVERSION = YES;
				CLANG_WARN_DIRECT_OBJC_ISA_USAGE = YES_ERROR;
				CLANG_WARN_DOCUMENTATION_COMMENTS = YES;
				CLANG_WARN_EMPTY_BODY = YES;
				CLANG_WARN_ENUM_CONVERSION = YES;
				CLANG_WARN_INFINITE_RECURSION = YES;
				CLANG_WARN_INT_CONVERSION = YES;
				CLANG_WARN_OBJC_ROOT_CLASS = YES_ERROR;
				CLANG_WARN_SUSPICIOUS_MOVE = YES;
				CLANG_WARN_UNREACHABLE_CODE = YES;
				CLANG_WARN__DUPLICATE_METHOD_MATCH = YES;
				"CODE_SIGN_IDENTITY[sdk=iphoneos*]" = "iPhone Developer";
				COPY_PHASE_STRIP = NO;
				DEBUG_INFORMATION_FORMAT = dwarf;
				ENABLE_STRICT_OBJC_MSGSEND = YES;
				ENABLE_TESTABILITY = YES;
				GCC_C_LANGUAGE_STANDARD = gnu99;
				GCC_DYNAMIC_NO_PIC = NO;
				GCC_NO_COMMON_BLOCKS = YES;
				GCC_OPTIMIZATION_LEVEL = 0;
				GCC_PREPROCESSOR_DEFINITIONS = (
					"DEBUG=1",
					"$(inherited)",
				);
				GCC_WARN_64_TO_32_BIT_CONVERSION = YES;
				GCC_WARN_ABOUT_RETURN_TYPE = YES_ERROR;
				GCC_WARN_UNDECLARED_SELECTOR = YES;
				GCC_WARN_UNINITIALIZED_AUTOS = YES_AGGRESSIVE;
				GCC_WARN_UNUSED_FUNCTION = YES;
				GCC_WARN_UNUSED_VARIABLE = YES;
				IPHONEOS_DEPLOYMENT_TARGET = 9.3;
				MTL_ENABLE_DEBUG_INFO = YES;
				ONLY_ACTIVE_ARCH = YES;
				SDKROOT = iphoneos;
				SWIFT_ACTIVE_COMPILATION_CONDITIONS = DEBUG;
				SWIFT_OPTIMIZATION_LEVEL = "-Onone";
				TARGETED_DEVICE_FAMILY = "1,2";
			};
			name = Debug;
		};
		870B03141EFD443300D6867C /* Release */ = {
			isa = XCBuildConfiguration;
			buildSettings = {
				ALWAYS_SEARCH_USER_PATHS = NO;
				CLANG_ANALYZER_NONNULL = YES;
				CLANG_ANALYZER_NUMBER_OBJECT_CONVERSION = YES_AGGRESSIVE;
				CLANG_CXX_LANGUAGE_STANDARD = "gnu++0x";
				CLANG_CXX_LIBRARY = "libc++";
				CLANG_ENABLE_MODULES = YES;
				CLANG_ENABLE_OBJC_ARC = YES;
				CLANG_WARN_BOOL_CONVERSION = YES;
				CLANG_WARN_CONSTANT_CONVERSION = YES;
				CLANG_WARN_DIRECT_OBJC_ISA_USAGE = YES_ERROR;
				CLANG_WARN_DOCUMENTATION_COMMENTS = YES;
				CLANG_WARN_EMPTY_BODY = YES;
				CLANG_WARN_ENUM_CONVERSION = YES;
				CLANG_WARN_INFINITE_RECURSION = YES;
				CLANG_WARN_INT_CONVERSION = YES;
				CLANG_WARN_OBJC_ROOT_CLASS = YES_ERROR;
				CLANG_WARN_SUSPICIOUS_MOVE = YES;
				CLANG_WARN_UNREACHABLE_CODE = YES;
				CLANG_WARN__DUPLICATE_METHOD_MATCH = YES;
				"CODE_SIGN_IDENTITY[sdk=iphoneos*]" = "iPhone Developer";
				COPY_PHASE_STRIP = NO;
				DEBUG_INFORMATION_FORMAT = "dwarf-with-dsym";
				ENABLE_NS_ASSERTIONS = NO;
				ENABLE_STRICT_OBJC_MSGSEND = YES;
				GCC_C_LANGUAGE_STANDARD = gnu99;
				GCC_NO_COMMON_BLOCKS = YES;
				GCC_WARN_64_TO_32_BIT_CONVERSION = YES;
				GCC_WARN_ABOUT_RETURN_TYPE = YES_ERROR;
				GCC_WARN_UNDECLARED_SELECTOR = YES;
				GCC_WARN_UNINITIALIZED_AUTOS = YES_AGGRESSIVE;
				GCC_WARN_UNUSED_FUNCTION = YES;
				GCC_WARN_UNUSED_VARIABLE = YES;
				IPHONEOS_DEPLOYMENT_TARGET = 9.3;
				MTL_ENABLE_DEBUG_INFO = NO;
				SDKROOT = iphoneos;
				SWIFT_OPTIMIZATION_LEVEL = "-Owholemodule";
				TARGETED_DEVICE_FAMILY = "1,2";
				VALIDATE_PRODUCT = YES;
			};
			name = Release;
		};
		870B03161EFD443300D6867C /* Debug */ = {
			isa = XCBuildConfiguration;
			baseConfigurationReference = C9C4A2B203FB3598993C57AC /* Pods-AppA.debug.xcconfig */;
			buildSettings = {
				ASSETCATALOG_COMPILER_APPICON_NAME = AppIcon;
				DEVELOPMENT_TEAM = 9SVEVP349D;
				INFOPLIST_FILE = AppA/Info.plist;
				LD_RUNPATH_SEARCH_PATHS = "$(inherited) @executable_path/Frameworks";
				PRODUCT_BUNDLE_IDENTIFIER = com.borovok.AppA;
				PRODUCT_NAME = "$(TARGET_NAME)";
				SWIFT_VERSION = 3.0;
			};
			name = Debug;
		};
		870B03171EFD443300D6867C /* Release */ = {
			isa = XCBuildConfiguration;
			baseConfigurationReference = D4D9F7D983876934BCCA9029 /* Pods-AppA.release.xcconfig */;
			buildSettings = {
				ASSETCATALOG_COMPILER_APPICON_NAME = AppIcon;
				DEVELOPMENT_TEAM = 9SVEVP349D;
				INFOPLIST_FILE = AppA/Info.plist;
				LD_RUNPATH_SEARCH_PATHS = "$(inherited) @executable_path/Frameworks";
				PRODUCT_BUNDLE_IDENTIFIER = com.borovok.AppA;
				PRODUCT_NAME = "$(TARGET_NAME)";
				SWIFT_VERSION = 3.0;
			};
			name = Release;
		};
		870B03191EFD443300D6867C /* Debug */ = {
			isa = XCBuildConfiguration;
			baseConfigurationReference = 48AAE580C35EE2172BF77988 /* Pods-AppATests.debug.xcconfig */;
			buildSettings = {
				ALWAYS_EMBED_SWIFT_STANDARD_LIBRARIES = YES;
				BUNDLE_LOADER = "$(TEST_HOST)";
				DEVELOPMENT_TEAM = 6JA6GV2MDS;
				INFOPLIST_FILE = AppATests/Info.plist;
				LD_RUNPATH_SEARCH_PATHS = "$(inherited) @executable_path/Frameworks @loader_path/Frameworks";
				PRODUCT_BUNDLE_IDENTIFIER = com.borovok.AppATests;
				PRODUCT_NAME = "$(TARGET_NAME)";
				SWIFT_VERSION = 3.0;
				TEST_HOST = "$(BUILT_PRODUCTS_DIR)/AppA.app/AppA";
			};
			name = Debug;
		};
		870B031A1EFD443300D6867C /* Release */ = {
			isa = XCBuildConfiguration;
			baseConfigurationReference = 367BC0AE766A9B24528F11C2 /* Pods-AppATests.release.xcconfig */;
			buildSettings = {
				ALWAYS_EMBED_SWIFT_STANDARD_LIBRARIES = YES;
				BUNDLE_LOADER = "$(TEST_HOST)";
				DEVELOPMENT_TEAM = 6JA6GV2MDS;
				INFOPLIST_FILE = AppATests/Info.plist;
				LD_RUNPATH_SEARCH_PATHS = "$(inherited) @executable_path/Frameworks @loader_path/Frameworks";
				PRODUCT_BUNDLE_IDENTIFIER = com.borovok.AppATests;
				PRODUCT_NAME = "$(TARGET_NAME)";
				SWIFT_VERSION = 3.0;
				TEST_HOST = "$(BUILT_PRODUCTS_DIR)/AppA.app/AppA";
			};
			name = Release;
		};
		870B031C1EFD443300D6867C /* Debug */ = {
			isa = XCBuildConfiguration;
			baseConfigurationReference = E76AD53BF9579E8325EDF387 /* Pods-AppAUITests.debug.xcconfig */;
			buildSettings = {
				ALWAYS_EMBED_SWIFT_STANDARD_LIBRARIES = YES;
				DEVELOPMENT_TEAM = 6JA6GV2MDS;
				INFOPLIST_FILE = AppAUITests/Info.plist;
				LD_RUNPATH_SEARCH_PATHS = "$(inherited) @executable_path/Frameworks @loader_path/Frameworks";
				PRODUCT_BUNDLE_IDENTIFIER = com.borovok.AppAUITests;
				PRODUCT_NAME = "$(TARGET_NAME)";
				SWIFT_VERSION = 3.0;
				TEST_TARGET_NAME = AppA;
			};
			name = Debug;
		};
		870B031D1EFD443300D6867C /* Release */ = {
			isa = XCBuildConfiguration;
			baseConfigurationReference = 37C7EF6CA539E91E52D6DD9D /* Pods-AppAUITests.release.xcconfig */;
			buildSettings = {
				ALWAYS_EMBED_SWIFT_STANDARD_LIBRARIES = YES;
				DEVELOPMENT_TEAM = 6JA6GV2MDS;
				INFOPLIST_FILE = AppAUITests/Info.plist;
				LD_RUNPATH_SEARCH_PATHS = "$(inherited) @executable_path/Frameworks @loader_path/Frameworks";
				PRODUCT_BUNDLE_IDENTIFIER = com.borovok.AppAUITests;
				PRODUCT_NAME = "$(TARGET_NAME)";
				SWIFT_VERSION = 3.0;
				TEST_TARGET_NAME = AppA;
			};
			name = Release;
		};
/* End XCBuildConfiguration section */

/* Begin XCConfigurationList section */
		870B02E51EFD443300D6867C /* Build configuration list for PBXProject "AppA" */ = {
			isa = XCConfigurationList;
			buildConfigurations = (
				870B03131EFD443300D6867C /* Debug */,
				870B03141EFD443300D6867C /* Release */,
			);
			defaultConfigurationIsVisible = 0;
			defaultConfigurationName = Release;
		};
		870B03151EFD443300D6867C /* Build configuration list for PBXNativeTarget "AppA" */ = {
			isa = XCConfigurationList;
			buildConfigurations = (
				870B03161EFD443300D6867C /* Debug */,
				870B03171EFD443300D6867C /* Release */,
			);
			defaultConfigurationIsVisible = 0;
			defaultConfigurationName = Release;
		};
		870B03181EFD443300D6867C /* Build configuration list for PBXNativeTarget "AppATests" */ = {
			isa = XCConfigurationList;
			buildConfigurations = (
				870B03191EFD443300D6867C /* Debug */,
				870B031A1EFD443300D6867C /* Release */,
			);
			defaultConfigurationIsVisible = 0;
			defaultConfigurationName = Release;
		};
		870B031B1EFD443300D6867C /* Build configuration list for PBXNativeTarget "AppAUITests" */ = {
			isa = XCConfigurationList;
			buildConfigurations = (
				870B031C1EFD443300D6867C /* Debug */,
				870B031D1EFD443300D6867C /* Release */,
			);
			defaultConfigurationIsVisible = 0;
			defaultConfigurationName = Release;
		};
/* End XCConfigurationList section */

/* Begin XCVersionGroup section */
		870B03211EFD45BC00D6867C /* AppA.xcdatamodeld */ = {
			isa = XCVersionGroup;
			children = (
				870B03221EFD45BC00D6867C /* AppA.xcdatamodel */,
			);
			currentVersion = 870B03221EFD45BC00D6867C /* AppA.xcdatamodel */;
			path = AppA.xcdatamodeld;
			sourceTree = "<group>";
			versionGroupType = wrapper.xcdatamodel;
		};
/* End XCVersionGroup section */
	};
	rootObject = 870B02E21EFD443300D6867C /* Project object */;
}
